# `tuya-local` configuration for the Dekala Lumos sunrise alarm clock (`e1xp7w`).
#
# Working features:
# - color, ambient and night lights with brightness/color control
# - Alarm 1/2 scheduling, snooze/stop, radio tuning, volume and display settings
# - manual clock time setting when network time sync is disabled
#
# Known limitations:
# - alarm raw payloads may need one-time initialization via `Alarm 1 reset` / `Alarm 2 reset` (using force:true is not working here)
# - light tones can differ slightly from the Tuya app
#
# Not yet exposed:
# - DP120 `lcd_icon_display`: LCD icon visibility for temperature / humidity / weather / UV
# - DP131 `radio_searching`: start / stop automatic FM station scan
# - DP132 `radio_list`: stored station list / presets after scan
# - decoded weather/alarm runtime sensors from DP113 / DP126 (raw diagnostics are present)

name: Sunrise alarm clock

products:
  - id: e1xp7w
    manufacturer: Dekala
    model: Dekala Lumos™-全屏闰年
    model_id: e1xp7w

entities:
  - entity: light
    name: Color light
    dps:
      - id: "2"
        name: switch
        type: boolean
      - id: "101"
        name: brightness
        type: integer
        optional: true
        range:
          min: 10
          max: 1000
        step: 10
      - id: "11"
        name: rgbhsv
        type: hex
        optional: true
        format:
          - name: h
            bytes: 2
            range:
              min: 0
              max: 360
          - name: s
            bytes: 2
            range:
              min: 0
              max: 100
          - name: v
            bytes: 2
            range:
              min: 0
              max: 1000

  - entity: light
    name: Ambient light
    dps:
      - id: "102"
        name: switch
        type: boolean
      - id: "123"
        name: brightness
        type: integer
        optional: true
        range:
          min: 10
          max: 1000
        step: 10

  - entity: light
    name: Night light
    dps:
      - id: "104"
        name: switch
        type: boolean
      - id: "124"
        name: brightness
        type: integer
        optional: true
        range:
          min: 10
          max: 1000
        step: 10
      - id: "105"
        name: rgbhsv
        type: hex
        optional: true
        format:
          - name: h
            bytes: 2
            range:
              min: 0
              max: 360
          - name: s
            bytes: 2
            range:
              min: 0
              max: 100
          - name: v
            bytes: 2
            range:
              min: 0
              max: 1000

  - entity: number
    name: Volume
    translation_only_key: volume
    mode: slider
    dps:
      - id: "5"
        name: value
        type: integer
        range:
          min: 5
          max: 100
        step: 1
        unit: "%"

  - entity: switch
    name: Sleep aid
    translation_only_key: sleep
    dps:
      - id: "106"
        name: switch
        type: boolean

  - entity: switch
    name: Alarm 1 enabled
    category: config
    dps:
      - id: "108"
        name: switch
        type: boolean

  - entity: switch
    name: Alarm 2 enabled
    category: config
    dps:
      - id: "110"
        name: switch
        type: boolean

  # Alarm 1 configuration (DP 109 raw payload)
  - entity: time
    name: Alarm 1 time
    category: config
    dps:
      - id: "109"
        name: hour
        type: base64
        optional: true
        persist: true
        mask: "FF00000000000000000000000000"
      - id: "109"
        name: minute
        type: base64
        optional: true
        persist: true
        mask: "00FF000000000000000000000000"

  - entity: select
    name: Alarm 1 repeat
    category: config
    dps:
      - id: "109"
        name: option
        type: base64
        optional: true
        persist: true
        mask: "0000FF0000000000000000000000"
        mapping:
          - dps_val: 0
            value: "Once"
          - dps_val: 124
            value: "Weekdays"
          - dps_val: 3
            value: "Weekends"
          - dps_val: 127
            value: "Every day"

  # Repeat-day bits are assumed to map Monday..Sunday across the 7 low bits of Data[2].
  - entity: switch
    name: Alarm 1 Day 7-Sunday
    category: config
    dps:
      - id: "109"
        name: switch
        type: base64
        optional: true
        persist: true
        mask: "0000010000000000000000000000"

  - entity: switch
    name: Alarm 1 Day 6-Saturday
    category: config
    dps:
      - id: "109"
        name: switch
        type: base64
        optional: true
        persist: true
        mask: "0000020000000000000000000000"

  - entity: switch
    name: Alarm 1 Day 5-Friday
    category: config
    dps:
      - id: "109"
        name: switch
        type: base64
        optional: true
        persist: true
        mask: "0000040000000000000000000000"

  - entity: switch
    name: Alarm 1 Day 4-Thursday
    category: config
    dps:
      - id: "109"
        name: switch
        type: base64
        optional: true
        persist: true
        mask: "0000080000000000000000000000"

  - entity: switch
    name: Alarm 1 Day 3-Wednesday
    category: config
    dps:
      - id: "109"
        name: switch
        type: base64
        optional: true
        persist: true
        mask: "0000100000000000000000000000"

  - entity: switch
    name: Alarm 1 Day 2-Tuesday
    category: config
    dps:
      - id: "109"
        name: switch
        type: base64
        optional: true
        persist: true
        mask: "0000200000000000000000000000"

  - entity: switch
    name: Alarm 1 Day 1-Monday
    category: config
    dps:
      - id: "109"
        name: switch
        type: base64
        optional: true
        persist: true
        mask: "0000400000000000000000000000"

  - entity: select
    name: Alarm 1 wake sound
    category: config
    dps:
      - id: "109"
        name: option
        type: base64
        optional: true
        persist: true
        mask: "000000FF00000000000000000000"
        mapping:
          - dps_val: 0
            value: "None"
          - dps_val: 1
            value: "Birds"
          - dps_val: 2
            value: "Sea"
          - dps_val: 3
            value: "Valley"
          - dps_val: 4
            value: "Piano"
          - dps_val: 5
            value: "Soft"
          - dps_val: 6
            value: "Phone"
          - dps_val: 7
            value: "Beep"
          - dps_val: 8
            value: "Radio"

  - entity: select
    name: Alarm 1 sound effect
    category: config
    dps:
      - id: "109"
        name: option
        type: base64
        optional: true
        persist: true
        mask: "00000000FF000000000000000000"
        mapping:
          - dps_val: 0
            value: "Normal"
          - dps_val: 1
            value: "Fade in"
          - dps_val: 2
            value: "Fade out"

  - entity: number
    name: Alarm 1 volume
    category: config
    mode: slider
    dps:
      - id: "109"
        name: value
        type: base64
        optional: true
        persist: true
        mask: "0000000000FF0000000000000000"
        range:
          min: 1
          max: 10

  - entity: number
    name: Alarm 1 duration
    category: config
    dps:
      - id: "109"
        name: value
        type: base64
        optional: true
        persist: true
        mask: "000000000000FF00000000000000"
        range:
          min: 5
          max: 30
        unit: min

  - entity: select
    name: Alarm 1 wake light mode
    category: config
    dps:
      - id: "109"
        name: option
        type: base64
        optional: true
        persist: true
        mask: "00000000000000FF000000000000"
        mapping:
          - dps_val: 0
            value: "No light"
          - dps_val: 1
            value: "Rainbow"
          - dps_val: 2
            value: "Candle Flicker"
          - dps_val: 3
            value: "Romantic Breath"
          - dps_val: 4
            value: "Quiet Deep Sea"
          - dps_val: 5
            value: "Flowing Colors"
          - dps_val: 6
            value: "Magic Jungle"
          - dps_val: 7
            value: "Perfect Party"
          - dps_val: 8
            value: "Sunrise at Sea"
          - dps_val: 9
            value: "Dynamic Music"

  - entity: number
    name: Alarm 1 wake light lead time
    category: config
    dps:
      - id: "109"
        name: value
        type: base64
        optional: true
        persist: true
        mask: "0000000000000000FF0000000000"
        range:
          min: 0
          max: 120
        unit: min

  - entity: switch
    name: Alarm 1 snooze enabled
    category: config
    dps:
      - id: "109"
        name: switch
        type: base64
        optional: true
        persist: true
        mask: "000000000000000000FF00000000"

  - entity: number
    name: Alarm 1 snooze duration
    category: config
    dps:
      - id: "109"
        name: value
        type: base64
        optional: true
        persist: true
        mask: "00000000000000000000FF000000"
        range:
          min: 5
          max: 20
        unit: min

  - entity: select
    name: Alarm 1 snooze action
    category: config
    dps:
      - id: "109"
        name: option
        type: base64
        optional: true
        persist: true
        mask: "0000000000000000000000FF0000"
        mapping:
          - dps_val: 0
            value: "Mute"
          - dps_val: 1
            value: "Mute + light"
          - dps_val: 2
            value: "Light only"

  # Alarm 2 configuration (DP 111 raw payload)
  - entity: time
    name: Alarm 2 time
    category: config
    dps:
      - id: "111"
        name: hour
        type: base64
        optional: true
        persist: true
        mask: "FF00000000000000000000000000"
      - id: "111"
        name: minute
        type: base64
        optional: true
        persist: true
        mask: "00FF000000000000000000000000"

  - entity: select
    name: Alarm 2 repeat
    category: config
    dps:
      - id: "111"
        name: option
        type: base64
        optional: true
        persist: true
        mask: "0000FF0000000000000000000000"
        mapping:
          - dps_val: 0
            value: "Once"
          - dps_val: 124
            value: "Weekdays"
          - dps_val: 3
            value: "Weekends"
          - dps_val: 127
            value: "Every day"

  - entity: switch
    name: Alarm 2 Day 7-Sunday
    category: config
    dps:
      - id: "111"
        name: switch
        type: base64
        optional: true
        persist: true
        mask: "0000010000000000000000000000"

  - entity: switch
    name: Alarm 2 Day 6-Saturday
    category: config
    dps:
      - id: "111"
        name: switch
        type: base64
        optional: true
        persist: true
        mask: "0000020000000000000000000000"

  - entity: switch
    name: Alarm 2 Day 5-Friday
    category: config
    dps:
      - id: "111"
        name: switch
        type: base64
        optional: true
        persist: true
        mask: "0000040000000000000000000000"

  - entity: switch
    name: Alarm 2 Day 4-Thursday
    category: config
    dps:
      - id: "111"
        name: switch
        type: base64
        optional: true
        persist: true
        mask: "0000080000000000000000000000"

  - entity: switch
    name: Alarm 2 Day 3-Wednesday
    category: config
    dps:
      - id: "111"
        name: switch
        type: base64
        optional: true
        persist: true
        mask: "0000100000000000000000000000"

  - entity: switch
    name: Alarm 2 Day 2-Tuesday
    category: config
    dps:
      - id: "111"
        name: switch
        type: base64
        optional: true
        persist: true
        mask: "0000200000000000000000000000"

  - entity: switch
    name: Alarm 2 Day 1-Monday
    category: config
    dps:
      - id: "111"
        name: switch
        type: base64
        optional: true
        persist: true
        mask: "0000400000000000000000000000"

  - entity: select
    name: Alarm 2 wake sound
    category: config
    dps:
      - id: "111"
        name: option
        type: base64
        optional: true
        persist: true
        mask: "000000FF00000000000000000000"
        mapping:
          - dps_val: 0
            value: "None"
          - dps_val: 1
            value: "Birds"
          - dps_val: 2
            value: "Sea"
          - dps_val: 3
            value: "Valley"
          - dps_val: 4
            value: "Piano"
          - dps_val: 5
            value: "Soft"
          - dps_val: 6
            value: "Phone"
          - dps_val: 7
            value: "Beep"
          - dps_val: 8
            value: "Radio"

  - entity: select
    name: Alarm 2 sound effect
    category: config
    dps:
      - id: "111"
        name: option
        type: base64
        optional: true
        persist: true
        mask: "00000000FF000000000000000000"
        mapping:
          - dps_val: 0
            value: "Normal"
          - dps_val: 1
            value: "Fade in"
          - dps_val: 2
            value: "Fade out"

  - entity: number
    name: Alarm 2 volume
    category: config
    mode: slider
    dps:
      - id: "111"
        name: value
        type: base64
        optional: true
        persist: true
        mask: "0000000000FF0000000000000000"
        range:
          min: 1
          max: 10

  - entity: number
    name: Alarm 2 duration
    category: config
    dps:
      - id: "111"
        name: value
        type: base64
        optional: true
        persist: true
        mask: "000000000000FF00000000000000"
        range:
          min: 5
          max: 30
        unit: min

  - entity: select
    name: Alarm 2 wake light mode
    category: config
    dps:
      - id: "111"
        name: option
        type: base64
        optional: true
        persist: true
        mask: "00000000000000FF000000000000"
        mapping:
          - dps_val: 0
            value: "No light"
          - dps_val: 1
            value: "Rainbow"
          - dps_val: 2
            value: "Candle Flicker"
          - dps_val: 3
            value: "Romantic Breath"
          - dps_val: 4
            value: "Quiet Deep Sea"
          - dps_val: 5
            value: "Flowing Colors"
          - dps_val: 6
            value: "Magic Jungle"
          - dps_val: 7
            value: "Perfect Party"
          - dps_val: 8
            value: "Sunrise at Sea"
          - dps_val: 9
            value: "Dynamic Music"

  - entity: number
    name: Alarm 2 wake light lead time
    category: config
    dps:
      - id: "111"
        name: value
        type: base64
        optional: true
        persist: true
        mask: "0000000000000000FF0000000000"
        range:
          min: 0
          max: 120
        unit: min

  - entity: switch
    name: Alarm 2 snooze enabled
    category: config
    dps:
      - id: "111"
        name: switch
        type: base64
        optional: true
        persist: true
        mask: "000000000000000000FF00000000"

  - entity: number
    name: Alarm 2 snooze duration
    category: config
    dps:
      - id: "111"
        name: value
        type: base64
        optional: true
        persist: true
        mask: "00000000000000000000FF000000"
        range:
          min: 5
          max: 20
        unit: min

  - entity: select
    name: Alarm 2 snooze action
    category: config
    dps:
      - id: "111"
        name: option
        type: base64
        optional: true
        persist: true
        mask: "0000000000000000000000FF0000"
        mapping:
          - dps_val: 0
            value: "Mute"
          - dps_val: 1
            value: "Mute + light"
          - dps_val: 2
            value: "Light only"

  - entity: button
    name: Alarm snooze
    translation_only_key: alarm_snooze
    dps:
      - id: "7"
        name: button
        type: boolean

  - entity: button
    name: Alarm stop
    translation_only_key: alarm_off
    dps:
      - id: "112"
        name: button
        type: boolean

  # Use these once if DP 109 / 111 are still undefined after first pairing.
  # They write a complete default 14-byte alarm blob so the masked alarm
  # controls above have a real payload to edit locally afterwards.
  - entity: button
    name: Alarm 1 reset
    category: config
    dps:
      - id: "109"
        name: button
        type: base64
        optional: true
        persist: true
        mapping:
          - value: true
            dps_val: "AAB/AwAGDwEeAQkAAAA="

  - entity: button
    name: Alarm 2 reset
    category: config
    dps:
      - id: "111"
        name: button
        type: base64
        optional: true
        persist: true
        mapping:
          - value: true
            dps_val: "AAB/AwAGDwEeAQkAAAA="

  - entity: switch
    name: Music playback
    translation_only_key: music_playback
    dps:
      - id: "129"
        name: switch
        type: boolean

  - entity: switch
    name: Radio
    translation_only_key: radio
    dps:
      - id: "130"
        name: switch
        type: boolean

  # FM tuning is only available while the radio is on (DP 130).
  - entity: number
    name: Radio MHz
    translation_only_key: radio_frequency
    mode: box
    dps:
      - id: "133"
        name: value
        type: base64
        optional: true
        persist: true
        mask: "FF00"
        range:
          min: 76
          max: 108
        step: 1
        unit: MHz
      - id: "130"
        name: available
        type: boolean
        optional: true
        persist: true

  - entity: number
    name: Radio decimal
    translation_only_key: radio_frequency_decimal
    mode: box
    dps:
      - id: "133"
        name: value
        type: base64
        optional: true
        persist: true
        mask: "00FF"
        range:
          min: 0
          max: 9
        step: 1
      - id: "130"
        name: available
        type: boolean
        optional: true
        persist: true

  # DP 114 stores date/time as 7 bytes: year offset, month, day, hour, minute,
  # second and weekday. Expose the wall-clock portion for manual edits.
  - entity: time
    name: Clock time
    translation_only_key: clock_time
    category: config
    dps:
      - id: "114"
        name: hour
        type: base64
        optional: true
        persist: true
        mask: "000000FF000000"
      - id: "114"
        name: minute
        type: base64
        optional: true
        persist: true
        mask: "00000000FF0000"
      - id: "114"
        name: second
        type: base64
        optional: true
        persist: true
        mask: "0000000000FF00"
      - id: "115"
        name: available
        type: boolean
        optional: true
        persist: true
        mapping:
          - dps_val: true
            value: false
          - dps_val: false
            value: true

  - entity: switch
    name: Network time sync
    translation_only_key: network_time
    category: config
    dps:
      - id: "115"
        name: switch
        type: boolean

  - entity: switch
    name: Night mode
    translation_only_key: night_mode
    category: config
    dps:
      - id: "121"
        name: switch
        type: boolean

  - entity: switch
    name: 24 hour display
    translation_only_key: time_24h
    category: config
    dps:
      - id: "125"
        name: switch
        type: boolean

  - entity: select
    name: Display brightness
    translation_only_key: display_brightness
    category: config
    dps:
      - id: "116"
        name: option
        type: string
        mapping:
          - dps_val: "0"
            value: "Off"
          - dps_val: "1"
            value: "Dim"
          - dps_val: "2"
            value: "Bright"
          - dps_val: "3"
            value: "Auto"

  - entity: select
    name: Seconds dot
    translation_only_key: seconds_dot
    category: config
    dps:
      - id: "118"
        name: option
        type: string
        mapping:
          - dps_val: "0"
            value: "Static"
          - dps_val: "1"
            value: "Blinking"

  - entity: select
    name: Temperature unit
    translation_only_key: temperature_unit
    category: config
    dps:
      - id: "119"
        name: option
        type: string
        mapping:
          - dps_val: C
            value: Celsius
          - dps_val: F
            value: Fahrenheit

  - entity: sensor
    name: Wireless charging status
    translation_only_key: wireless_charging
    category: diagnostic
    dps:
      - id: "117"
        name: sensor
        type: string
        optional: true
        mapping:
          - dps_val: IDlE
            value: idle
          - dps_val: CHARGING
            value: charging
          - dps_val: FULL
            value: full
          - dps_val: FOD
            value: foreign_object_detected

  - entity: sensor
    name: Light status
    translation_only_key: light_status
    category: diagnostic
    dps:
      - id: "134"
        name: sensor
        type: string
        optional: true
        mapping:
          - dps_val: ALL_OFF
            value: all_off
          - dps_val: Night_ON
            value: night_on
          - dps_val: Color_ON
            value: color_on
          - dps_val: Spec_ON
            value: ambient_on

  - entity: sensor
    name: Color light raw
    category: diagnostic
    dps:
      - id: "11"
        name: sensor
        type: string
        optional: true
        persist: true
    hidden: true

  - entity: sensor
    name: Night light raw
    category: diagnostic
    dps:
      - id: "105"
        name: sensor
        type: string
        optional: true
        persist: true
    hidden: true

  - entity: sensor
    name: Color light brightness raw
    category: diagnostic
    dps:
      - id: "101"
        name: sensor
        type: integer
        optional: true
        persist: true
    hidden: true

  - entity: sensor
    name: Ambient light brightness raw
    category: diagnostic
    dps:
      - id: "123"
        name: sensor
        type: integer
        optional: true
        persist: true
    hidden: true

  - entity: sensor
    name: Night light brightness raw
    category: diagnostic
    dps:
      - id: "124"
        name: sensor
        type: integer
        optional: true
        persist: true
    hidden: true

  - entity: sensor
    name: Alarm status raw
    category: diagnostic
    dps:
      - id: "126"
        name: sensor
        type: base64
        optional: true
        persist: true
    hidden: true

  - entity: sensor
    name: Alarm 1 status raw
    category: diagnostic
    dps:
      - id: "109"
        name: sensor
        type: base64
        optional: true
        persist: true
    hidden: true

  - entity: sensor
    name: Alarm 2 status raw
    category: diagnostic
    dps:
      - id: "111"
        name: sensor
        type: base64
        optional: true
        persist: true
    hidden: true

  - entity: sensor
    name: Sleep aid status raw
    category: diagnostic
    dps:
      - id: "128"
        name: sensor
        type: base64
        optional: true
        persist: true
    hidden: true

  - entity: sensor
    name: Weather raw
    category: diagnostic
    dps:
      - id: "113"
        name: sensor
        type: base64
        optional: true
        persist: true
    hidden: true

  - entity: sensor
    name: Device time raw
    category: diagnostic
    dps:
      - id: "114"
        name: sensor
        type: base64
        optional: true
        persist: true
    hidden: true
